
Microsoft Visual Studio Solution File, Format Version 12.00
# Visual Studio 15
VisualStudioVersion = 15.0.26124.0
MinimumVisualStudioVersion = 15.0.26124.0
Project("{FAE04EC0-301F-11D3-BF4B-00C04F79EFBC}") = "Solutions", "Solutions\Solutions.csproj", "{0A724956-F7B5-4CE8-B8E6-257D9E633BFD}"
EndProject
Project("{FAE04EC0-301F-11D3-BF4B-00C04F79EFBC}") = "Tests", "Tests\Tests.csproj", "{5D1D2045-FD95-426D-8E86-0C7B579C1E9E}"
EndProject
Global
	GlobalSection(SolutionConfigurationPlatforms) = preSolution
		Debug|Any CPU = Debug|Any CPU
		Debug|x64 = Debug|x64
		Debug|x86 = Debug|x86
		Release|Any CPU = Release|Any CPU
		Release|x64 = Release|x64
		Release|x86 = Release|x86
	EndGlobalSection
	GlobalSection(SolutionProperties) = preSolution
		HideSolutionNode = FALSE
	EndGlobalSection
	GlobalSection(ProjectConfigurationPlatforms) = postSolution
		{0A724956-F7B5-4CE8-B8E6-257D9E633BFD}.Debug|Any CPU.ActiveCfg = Debug|Any CPU
		{0A724956-F7B5-4CE8-B8E6-257D9E633BFD}.Debug|Any CPU.Build.0 = Debug|Any CPU
		{0A724956-F7B5-4CE8-B8E6-257D9E633BFD}.Debug|x64.ActiveCfg = Debug|Any CPU
		{0A724956-F7B5-4CE8-B8E6-257D9E633BFD}.Debug|x64.Build.0 = Debug|Any CPU
		{0A724956-F7B5-4CE8-B8E6-257D9E633BFD}.Debug|x86.ActiveCfg = Debug|Any CPU
		{0A724956-F7B5-4CE8-B8E6-257D9E633BFD}.Debug|x86.Build.0 = Debug|Any CPU
		{0A724956-F7B5-4CE8-B8E6-257D9E633BFD}.Release|Any CPU.ActiveCfg = Release|Any CPU
		{0A724956-F7B5-4CE8-B8E6-257D9E633BFD}.Release|Any CPU.Build.0 = Release|Any CPU
		{0A724956-F7B5-4CE8-B8E6-257D9E633BFD}.Release|x64.ActiveCfg = Release|Any CPU
		{0A724956-F7B5-4CE8-B8E6-257D9E633BFD}.Release|x64.Build.0 = Release|Any CPU
		{0A724956-F7B5-4CE8-B8E6-257D9E633BFD}.Release|x86.ActiveCfg = Release|Any CPU
		{0A724956-F7B5-4CE8-B8E6-257D9E633BFD}.Release|x86.Build.0 = Release|Any CPU
		{5D1D2045-FD95-426D-8E86-0C7B579C1E9E}.Debug|Any CPU.ActiveCfg = Debug|Any CPU
		{5D1D2045-FD95-426D-8E86-0C7B579C1E9E}.Debug|Any CPU.Build.0 = Debug|Any CPU
		{5D1D2045-FD95-426D-8E86-0C7B579C1E9E}.Debug|x64.ActiveCfg = Debug|Any CPU
		{5D1D2045-FD95-426D-8E86-0C7B579C1E9E}.Debug|x64.Build.0 = Debug|Any CPU
		{5D1D2045-FD95-426D-8E86-0C7B579C1E9E}.Debug|x86.ActiveCfg = Debug|Any CPU
		{5D1D2045-FD95-426D-8E86-0C7B579C1E9E}.Debug|x86.Build.0 = Debug|Any CPU
		{5D1D2045-FD95-426D-8E86-0C7B579C1E9E}.Release|Any CPU.ActiveCfg = Release|Any CPU
		{5D1D2045-FD95-426D-8E86-0C7B579C1E9E}.Release|Any CPU.Build.0 = Release|Any CPU
		{5D1D2045-FD95-426D-8E86-0C7B579C1E9E}.Release|x64.ActiveCfg = Release|Any CPU
		{5D1D2045-FD95-426D-8E86-0C7B579C1E9E}.Release|x64.Build.0 = Release|Any CPU
		{5D1D2045-FD95-426D-8E86-0C7B579C1E9E}.Release|x86.ActiveCfg = Release|Any CPU
		{5D1D2045-FD95-426D-8E86-0C7B579C1E9E}.Release|x86.Build.0 = Release|Any CPU
	EndGlobalSection
EndGlobal
